
Microsoft Visual Studio Solution File, Format Version 12.00
# Visual Studio Version 17
VisualStudioVersion = 17.6.33712.159
MinimumVisualStudioVersion = 10.0.40219.1
Project("{9A19103F-16F7-4668-BE54-9A1E7A4F7556}") = "Lab3", "Lab3.csproj", "{1085FBA9-6859-488D-8F97-D5F741BC776A}"
EndProject
Project("{FAE04EC0-301F-11D3-BF4B-00C04F79EFBC}") = "Lab3_Test", "..\Lab3_Test\Lab3_Test.csproj", "{0ED8A464-5133-4693-B738-6624A4313FAE}"
EndProject
Global
	GlobalSection(SolutionConfigurationPlatforms) = preSolution
		Debug|Any CPU = Debug|Any CPU
		Release|Any CPU = Release|Any CPU
	EndGlobalSection
	GlobalSection(ProjectConfigurationPlatforms) = postSolution
		{1085FBA9-6859-488D-8F97-D5F741BC776A}.Debug|Any CPU.ActiveCfg = Debug|Any CPU
		{1085FBA9-6859-488D-8F97-D5F741BC776A}.Debug|Any CPU.Build.0 = Debug|Any CPU
		{1085FBA9-6859-488D-8F97-D5F741BC776A}.Release|Any CPU.ActiveCfg = Release|Any CPU
		{1085FBA9-6859-488D-8F97-D5F741BC776A}.Release|Any CPU.Build.0 = Release|Any CPU
		{0ED8A464-5133-4693-B738-6624A4313FAE}.Debug|Any CPU.ActiveCfg = Debug|Any CPU
		{0ED8A464-5133-4693-B738-6624A4313FAE}.Debug|Any CPU.Build.0 = Debug|Any CPU
		{0ED8A464-5133-4693-B738-6624A4313FAE}.Release|Any CPU.ActiveCfg = Release|Any CPU
		{0ED8A464-5133-4693-B738-6624A4313FAE}.Release|Any CPU.Build.0 = Release|Any CPU
	EndGlobalSection
	GlobalSection(SolutionProperties) = preSolution
		HideSolutionNode = FALSE
	EndGlobalSection
	GlobalSection(ExtensibilityGlobals) = postSolution
		SolutionGuid = {5BA8A27B-C655-49D3-9201-E5B2EA7D6E18}
	EndGlobalSection
EndGlobal
